
Microsoft Visual Studio Solution File, Format Version 12.00
# Visual Studio Version 17
VisualStudioVersion = 17.11.35327.3
MinimumVisualStudioVersion = 10.0.40219.1
Project("{9A19103F-16F7-4668-BE54-9A1E7A4F7556}") = "7.5-SchetsEditorC", "7.5-SchetsEditorC.csproj", "{B65B2E2E-57D7-4CB5-9897-46355F82226A}"
EndProject
Global
	GlobalSection(SolutionConfigurationPlatforms) = preSolution
		Debug|Any CPU = Debug|Any CPU
		Release|Any CPU = Release|Any CPU
	EndGlobalSection
	GlobalSection(ProjectConfigurationPlatforms) = postSolution
		{B65B2E2E-57D7-4CB5-9897-46355F82226A}.Debug|Any CPU.ActiveCfg = Debug|Any CPU
		{B65B2E2E-57D7-4CB5-9897-46355F82226A}.Debug|Any CPU.Build.0 = Debug|Any CPU
		{B65B2E2E-57D7-4CB5-9897-46355F82226A}.Release|Any CPU.ActiveCfg = Release|Any CPU
		{B65B2E2E-57D7-4CB5-9897-46355F82226A}.Release|Any CPU.Build.0 = Release|Any CPU
	EndGlobalSection
	GlobalSection(SolutionProperties) = preSolution
		HideSolutionNode = FALSE
	EndGlobalSection
	GlobalSection(ExtensibilityGlobals) = postSolution
		SolutionGuid = {69572E14-B1BE-4888-BB7E-A5D45F6A4210}
	EndGlobalSection
EndGlobal
